
Microsoft Visual Studio Solution File, Format Version 12.00
# Visual Studio Version 17
VisualStudioVersion = 17.4.33213.308
MinimumVisualStudioVersion = 10.0.40219.1
Project("{FAE04EC0-301F-11D3-BF4B-00C04F79EFBC}") = "Matemaatiline koer", "Matemaatiline koer\Matemaatiline koer.csproj", "{322C69FD-87F6-49B5-8E68-8899EEE4B450}"
EndProject
Global
	GlobalSection(SolutionConfigurationPlatforms) = preSolution
		Debug|Any CPU = Debug|Any CPU
		Release|Any CPU = Release|Any CPU
	EndGlobalSection
	GlobalSection(ProjectConfigurationPlatforms) = postSolution
		{322C69FD-87F6-49B5-8E68-8899EEE4B450}.Debug|Any CPU.ActiveCfg = Debug|Any CPU
		{322C69FD-87F6-49B5-8E68-8899EEE4B450}.Debug|Any CPU.Build.0 = Debug|Any CPU
		{322C69FD-87F6-49B5-8E68-8899EEE4B450}.Release|Any CPU.ActiveCfg = Release|Any CPU
		{322C69FD-87F6-49B5-8E68-8899EEE4B450}.Release|Any CPU.Build.0 = Release|Any CPU
	EndGlobalSection
	GlobalSection(SolutionProperties) = preSolution
		HideSolutionNode = FALSE
	EndGlobalSection
	GlobalSection(ExtensibilityGlobals) = postSolution
		SolutionGuid = {91435232-FE7D-4331-B6B0-D41C908E7A6D}
	EndGlobalSection
EndGlobal
